
Microsoft Visual Studio Solution File, Format Version 12.00
Project("{FAE04EC0-301F-11D3-BF4B-00C04F79EFBC}") = "mccreate", "mccreate\mccreate.csproj", "{52D787D8-66EB-4339-96A3-4D94A2F1FE14}"
EndProject
Global
	GlobalSection(SolutionConfigurationPlatforms) = preSolution
		Debug|Any CPU = Debug|Any CPU
		Release|Any CPU = Release|Any CPU
	EndGlobalSection
	GlobalSection(ProjectConfigurationPlatforms) = postSolution
		{52D787D8-66EB-4339-96A3-4D94A2F1FE14}.Debug|Any CPU.ActiveCfg = Debug|Any CPU
		{52D787D8-66EB-4339-96A3-4D94A2F1FE14}.Debug|Any CPU.Build.0 = Debug|Any CPU
		{52D787D8-66EB-4339-96A3-4D94A2F1FE14}.Release|Any CPU.ActiveCfg = Release|Any CPU
		{52D787D8-66EB-4339-96A3-4D94A2F1FE14}.Release|Any CPU.Build.0 = Release|Any CPU
	EndGlobalSection
EndGlobal
